
Microsoft Visual Studio Solution File, Format Version 12.00
# Visual Studio Version 17
VisualStudioVersion = 17.13.35931.197 d17.13
MinimumVisualStudioVersion = 10.0.40219.1
Project("{FAE04EC0-301F-11D3-BF4B-00C04F79EFBC}") = "MaskElementsInView", "MaskElementsInView\MaskElementsInView.csproj", "{C44EE97A-181E-43A5-A585-1FCBF64A72EC}"
EndProject
Project("{2150E333-8FDC-42A3-9474-1A3956D46DE8}") = "Internal", "Internal", "{02EA681E-C7D8-13C7-8484-4AC65E1B71E8}"
EndProject
Project("{2150E333-8FDC-42A3-9474-1A3956D46DE8}") = "Code Analysis", "Code Analysis", "{D326FA43-4BDA-43E8-92E2-80EA5BE6264B}"
	ProjectSection(SolutionItems) = preProject
		Internal\Code Analysis\qaction-debug.ruleset = Internal\Code Analysis\qaction-debug.ruleset
		Internal\Code Analysis\qaction-release.ruleset = Internal\Code Analysis\qaction-release.ruleset
		Internal\Code Analysis\stylecop.json = Internal\Code Analysis\stylecop.json
	EndProjectSection
EndProject
Global
	GlobalSection(SolutionConfigurationPlatforms) = preSolution
		Debug|Any CPU = Debug|Any CPU
		Release|Any CPU = Release|Any CPU
	EndGlobalSection
	GlobalSection(ProjectConfigurationPlatforms) = postSolution
		{C44EE97A-181E-43A5-A585-1FCBF64A72EC}.Debug|Any CPU.ActiveCfg = Debug|Any CPU
		{C44EE97A-181E-43A5-A585-1FCBF64A72EC}.Debug|Any CPU.Build.0 = Debug|Any CPU
		{C44EE97A-181E-43A5-A585-1FCBF64A72EC}.Release|Any CPU.ActiveCfg = Release|Any CPU
		{C44EE97A-181E-43A5-A585-1FCBF64A72EC}.Release|Any CPU.Build.0 = Release|Any CPU
	EndGlobalSection
	GlobalSection(SolutionProperties) = preSolution
		HideSolutionNode = FALSE
	EndGlobalSection
	GlobalSection(NestedProjects) = preSolution
		{D326FA43-4BDA-43E8-92E2-80EA5BE6264B} = {02EA681E-C7D8-13C7-8484-4AC65E1B71E8}
	EndGlobalSection
	GlobalSection(ExtensibilityGlobals) = postSolution
		SolutionGuid = {FE66C3A0-C82F-48BF-9CC4-CE3668925B47}
	EndGlobalSection
EndGlobal
